
Microsoft Visual Studio Solution File, Format Version 12.00
# Visual Studio Version 17
VisualStudioVersion = 17.8.34330.188
MinimumVisualStudioVersion = 10.0.40219.1
Project("{9A19103F-16F7-4668-BE54-9A1E7A4F7556}") = "BankingSolution", "BankingSolution\BankingSolution.csproj", "{7F259A2F-D651-42DF-A0AE-21FB81AE1C3B}"
EndProject
Project("{2150E333-8FDC-42A3-9474-1A3956D46DE8}") = "Presentation", "Presentation", "{B88D5360-1239-4AE2-99B7-C95AF325C857}"
EndProject
Project("{2150E333-8FDC-42A3-9474-1A3956D46DE8}") = "Models", "Models", "{1A678A36-D29C-4401-8904-2DF21FEF3157}"
EndProject
Project("{9A19103F-16F7-4668-BE54-9A1E7A4F7556}") = "BankingSolution.Domain", "BankingSolution.Domain\BankingSolution.Domain.csproj", "{05336C84-D111-43B4-90F4-4FA193B703F3}"
EndProject
Project("{9A19103F-16F7-4668-BE54-9A1E7A4F7556}") = "BankingSolution.Contract.Rest", "BankingSolution.Contract.Rest\BankingSolution.Contract.Rest.csproj", "{5BE4EDA9-4450-48AD-B355-F289072A4F68}"
EndProject
Project("{9A19103F-16F7-4668-BE54-9A1E7A4F7556}") = "BankingSolution.Application", "BankingSolution.Application\BankingSolution.Application.csproj", "{6A1D69E9-E4CD-4369-B77B-285117B10C85}"
EndProject
Project("{9A19103F-16F7-4668-BE54-9A1E7A4F7556}") = "BankingSolution.Infrustructure", "BankingSolution.Infrustructure\BankingSolution.Infrustructure.csproj", "{E6C7390A-0DD0-493B-82B9-695C6A03445F}"
EndProject
Project("{2150E333-8FDC-42A3-9474-1A3956D46DE8}") = "Repository", "Repository", "{5EFA1372-CE4D-45EE-A6EB-AE1EB1C1076D}"
EndProject
Project("{9A19103F-16F7-4668-BE54-9A1E7A4F7556}") = "BankingSolution.Repository", "BankingSolution.Repository\BankingSolution.Repository.csproj", "{4F3D3213-4184-4C65-9311-50B5084EA569}"
EndProject
Project("{2150E333-8FDC-42A3-9474-1A3956D46DE8}") = "Tests", "Tests", "{C32F9E8B-1200-4C31-AE17-532AC0AF8455}"
EndProject
Project("{FAE04EC0-301F-11D3-BF4B-00C04F79EFBC}") = "BankingSolution.Tests", "BankingSolution.Tests\BankingSolution.Tests.csproj", "{FFB01735-2623-4257-B90C-A92B58E755BF}"
EndProject
Global
	GlobalSection(SolutionConfigurationPlatforms) = preSolution
		Debug|Any CPU = Debug|Any CPU
		Release|Any CPU = Release|Any CPU
	EndGlobalSection
	GlobalSection(ProjectConfigurationPlatforms) = postSolution
		{7F259A2F-D651-42DF-A0AE-21FB81AE1C3B}.Debug|Any CPU.ActiveCfg = Debug|Any CPU
		{7F259A2F-D651-42DF-A0AE-21FB81AE1C3B}.Debug|Any CPU.Build.0 = Debug|Any CPU
		{7F259A2F-D651-42DF-A0AE-21FB81AE1C3B}.Release|Any CPU.ActiveCfg = Release|Any CPU
		{7F259A2F-D651-42DF-A0AE-21FB81AE1C3B}.Release|Any CPU.Build.0 = Release|Any CPU
		{05336C84-D111-43B4-90F4-4FA193B703F3}.Debug|Any CPU.ActiveCfg = Debug|Any CPU
		{05336C84-D111-43B4-90F4-4FA193B703F3}.Debug|Any CPU.Build.0 = Debug|Any CPU
		{05336C84-D111-43B4-90F4-4FA193B703F3}.Release|Any CPU.ActiveCfg = Release|Any CPU
		{05336C84-D111-43B4-90F4-4FA193B703F3}.Release|Any CPU.Build.0 = Release|Any CPU
		{5BE4EDA9-4450-48AD-B355-F289072A4F68}.Debug|Any CPU.ActiveCfg = Debug|Any CPU
		{5BE4EDA9-4450-48AD-B355-F289072A4F68}.Debug|Any CPU.Build.0 = Debug|Any CPU
		{5BE4EDA9-4450-48AD-B355-F289072A4F68}.Release|Any CPU.ActiveCfg = Release|Any CPU
		{5BE4EDA9-4450-48AD-B355-F289072A4F68}.Release|Any CPU.Build.0 = Release|Any CPU
		{6A1D69E9-E4CD-4369-B77B-285117B10C85}.Debug|Any CPU.ActiveCfg = Debug|Any CPU
		{6A1D69E9-E4CD-4369-B77B-285117B10C85}.Debug|Any CPU.Build.0 = Debug|Any CPU
		{6A1D69E9-E4CD-4369-B77B-285117B10C85}.Release|Any CPU.ActiveCfg = Release|Any CPU
		{6A1D69E9-E4CD-4369-B77B-285117B10C85}.Release|Any CPU.Build.0 = Release|Any CPU
		{E6C7390A-0DD0-493B-82B9-695C6A03445F}.Debug|Any CPU.ActiveCfg = Debug|Any CPU
		{E6C7390A-0DD0-493B-82B9-695C6A03445F}.Debug|Any CPU.Build.0 = Debug|Any CPU
		{E6C7390A-0DD0-493B-82B9-695C6A03445F}.Release|Any CPU.ActiveCfg = Release|Any CPU
		{E6C7390A-0DD0-493B-82B9-695C6A03445F}.Release|Any CPU.Build.0 = Release|Any CPU
		{4F3D3213-4184-4C65-9311-50B5084EA569}.Debug|Any CPU.ActiveCfg = Debug|Any CPU
		{4F3D3213-4184-4C65-9311-50B5084EA569}.Debug|Any CPU.Build.0 = Debug|Any CPU
		{4F3D3213-4184-4C65-9311-50B5084EA569}.Release|Any CPU.ActiveCfg = Release|Any CPU
		{4F3D3213-4184-4C65-9311-50B5084EA569}.Release|Any CPU.Build.0 = Release|Any CPU
		{FFB01735-2623-4257-B90C-A92B58E755BF}.Debug|Any CPU.ActiveCfg = Debug|Any CPU
		{FFB01735-2623-4257-B90C-A92B58E755BF}.Debug|Any CPU.Build.0 = Debug|Any CPU
		{FFB01735-2623-4257-B90C-A92B58E755BF}.Release|Any CPU.ActiveCfg = Release|Any CPU
		{FFB01735-2623-4257-B90C-A92B58E755BF}.Release|Any CPU.Build.0 = Release|Any CPU
	EndGlobalSection
	GlobalSection(SolutionProperties) = preSolution
		HideSolutionNode = FALSE
	EndGlobalSection
	GlobalSection(NestedProjects) = preSolution
		{7F259A2F-D651-42DF-A0AE-21FB81AE1C3B} = {B88D5360-1239-4AE2-99B7-C95AF325C857}
		{05336C84-D111-43B4-90F4-4FA193B703F3} = {1A678A36-D29C-4401-8904-2DF21FEF3157}
		{5BE4EDA9-4450-48AD-B355-F289072A4F68} = {1A678A36-D29C-4401-8904-2DF21FEF3157}
		{4F3D3213-4184-4C65-9311-50B5084EA569} = {5EFA1372-CE4D-45EE-A6EB-AE1EB1C1076D}
		{FFB01735-2623-4257-B90C-A92B58E755BF} = {C32F9E8B-1200-4C31-AE17-532AC0AF8455}
	EndGlobalSection
	GlobalSection(ExtensibilityGlobals) = postSolution
		SolutionGuid = {D0E7FD1D-F852-44F1-9DC0-F2F9398B9AC8}
	EndGlobalSection
EndGlobal
